// !$*UTF8*$!
{
	archiveVersion = 1;
	classes = {
	};
	objectVersion = 46;
	objects = {

/* Begin PBXBuildFile section */
		00748058165D41390024B57A /* assets in Resources */ = {isa = PBXBuildFile; fileRef = 00748057165D41390024B57A /* assets */; };
		0087D25512CD809F002CD69F /* CoreText.framework in Frameworks */ = {isa = PBXBuildFile; fileRef = 0087D25412CD809F002CD69F /* CoreText.framework */; };
		00A66A361965AC8800B17EB3 /* Accelerate.framework in Frameworks */ = {isa = PBXBuildFile; fileRef = 00A66A351965AC8800B17EB3 /* Accelerate.framework */; };
		00CFDF6B1138442D0091E310 /* CoreGraphics.framework in Frameworks */ = {isa = PBXBuildFile; fileRef = 00CFDF6A1138442D0091E310 /* CoreGraphics.framework */; };
		0A386FFC32984F4CADC5B8AB /* CoreMotion.framework in Frameworks */ = {isa = PBXBuildFile; fileRef = B112C46395B542438FB8D300 /* CoreMotion.framework */; };
		146ED39E1C1EB80D00C9E8ED /* Book.cpp in Sources */ = {isa = PBXBuildFile; fileRef = 146ED39C1C1EB80D00C9E8ED /* Book.cpp */; };
		14B485A91C1AE18C00824001 /* Ball.cpp in Sources */ = {isa = PBXBuildFile; fileRef = 14B4859B1C1AE18C00824001 /* Ball.cpp */; };
		14B485AB1C1AE18C00824001 /* BookShelf.cpp in Sources */ = {isa = PBXBuildFile; fileRef = 14B485A11C1AE18C00824001 /* BookShelf.cpp */; };
		14B485AC1C1AE18C00824001 /* Camera.cpp in Sources */ = {isa = PBXBuildFile; fileRef = 14B485A41C1AE18C00824001 /* Camera.cpp */; };
		14B485AD1C1AE18C00824001 /* Cinderella.cpp in Sources */ = {isa = PBXBuildFile; fileRef = 14B485A71C1AE18C00824001 /* Cinderella.cpp */; };
		14B485BC1C1AE1AB00824001 /* Floor.cpp in Sources */ = {isa = PBXBuildFile; fileRef = 14B485B71C1AE1AB00824001 /* Floor.cpp */; };
		14B485BD1C1AE1AB00824001 /* Piano.cpp in Sources */ = {isa = PBXBuildFile; fileRef = 14B485BA1C1AE1AB00824001 /* Piano.cpp */; };
		1D60589F0D05DD5A006BFB54 /* Foundation.framework in Frameworks */ = {isa = PBXBuildFile; fileRef = 1D30AB110D05D00D00671497 /* Foundation.framework */; };
		1DF5F4E00D08C38300B7A737 /* UIKit.framework in Frameworks */ = {isa = PBXBuildFile; fileRef = 1DF5F4DF0D08C38300B7A737 /* UIKit.framework */; };
		2061D27971614E10A906E1B2 /* CinderApp_ios.png in Resources */ = {isa = PBXBuildFile; fileRef = C0EC8E147D564C46829F7611 /* CinderApp_ios.png */; };
		28FD15000DC6FC520079059D /* OpenGLES.framework in Frameworks */ = {isa = PBXBuildFile; fileRef = 28FD14FF0DC6FC520079059D /* OpenGLES.framework */; };
		28FD15080DC6FC5B0079059D /* QuartzCore.framework in Frameworks */ = {isa = PBXBuildFile; fileRef = 28FD15070DC6FC5B0079059D /* QuartzCore.framework */; };
		43B95190D86F410EB1394193 /* Default-568h@2x.png in Resources */ = {isa = PBXBuildFile; fileRef = C208751BA4C64AA9A0FEF572 /* Default-568h@2x.png */; };
		53FFB58AAE664DE1A8BEC021 /* DowaProjectApp.cpp in Sources */ = {isa = PBXBuildFile; fileRef = 96366FBAD7F24B33845C09FA /* DowaProjectApp.cpp */; };
		9A062A5CA8124C4296DBBCF6 /* MotionImplCoreMotion.mm in Sources */ = {isa = PBXBuildFile; fileRef = 35D261EFC1DD4236936029E3 /* MotionImplCoreMotion.mm */; };
		AC0DB5DA1BEDA14E00E9EFC0 /* Device.cpp in Sources */ = {isa = PBXBuildFile; fileRef = AC0DB5D81BEDA14E00E9EFC0 /* Device.cpp */; };
		AC2D3A2A1BFB359500345AA5 /* FadeIn.cpp in Sources */ = {isa = PBXBuildFile; fileRef = AC2D3A261BFB359500345AA5 /* FadeIn.cpp */; };
		AC2D3A2B1BFB359500345AA5 /* FadeOut.cpp in Sources */ = {isa = PBXBuildFile; fileRef = AC2D3A281BFB359500345AA5 /* FadeOut.cpp */; };
		AC5873F31C05ECCA00D40AE6 /* DataManager.cpp in Sources */ = {isa = PBXBuildFile; fileRef = AC5873EE1C05ECCA00D40AE6 /* DataManager.cpp */; };
		AC5873F41C05ECCA00D40AE6 /* ResourceManager.cpp in Sources */ = {isa = PBXBuildFile; fileRef = AC5873F11C05ECCA00D40AE6 /* ResourceManager.cpp */; };
		AC5873FB1C06A43B00D40AE6 /* Utility.cpp in Sources */ = {isa = PBXBuildFile; fileRef = AC5873F91C06A43B00D40AE6 /* Utility.cpp */; };
		ACA081D91BF25720005FB898 /* Collision.cpp in Sources */ = {isa = PBXBuildFile; fileRef = ACA081D71BF25720005FB898 /* Collision.cpp */; };
		ACA081DD1BF317CD005FB898 /* Test.cpp in Sources */ = {isa = PBXBuildFile; fileRef = ACA081DB1BF317CD005FB898 /* Test.cpp */; };
		ACA20F271C087E2B0017DCA9 /* Window.cpp in Sources */ = {isa = PBXBuildFile; fileRef = ACA20F251C087E2B0017DCA9 /* Window.cpp */; };
		ACAE91DE1C1805400008B83E /* CinderellaScene.cpp in Sources */ = {isa = PBXBuildFile; fileRef = ACAE91DC1C1805400008B83E /* CinderellaScene.cpp */; };
		ACAE92071C186C6A0008B83E /* Select.cpp in Sources */ = {isa = PBXBuildFile; fileRef = ACAE92051C186C6A0008B83E /* Select.cpp */; };
		ACDB32F21BEF124F00046195 /* Object.cpp in Sources */ = {isa = PBXBuildFile; fileRef = ACDB32F01BEF124F00046195 /* Object.cpp */; };
		ACDB32FA1BF040F000046195 /* Task.cpp in Sources */ = {isa = PBXBuildFile; fileRef = ACDB32F81BF040F000046195 /* Task.cpp */; };
		ACF594D21C1EE83500806B39 /* TitleLoad.cpp in Sources */ = {isa = PBXBuildFile; fileRef = ACF594D01C1EE83500806B39 /* TitleLoad.cpp */; };
		ACF594D51C1EE8C000806B39 /* ResultLoad.cpp in Sources */ = {isa = PBXBuildFile; fileRef = ACF594D31C1EE8C000806B39 /* ResultLoad.cpp */; };
		ACF594D81C1EE8D200806B39 /* SelectLoad.cpp in Sources */ = {isa = PBXBuildFile; fileRef = ACF594D61C1EE8D200806B39 /* SelectLoad.cpp */; };
		ACF594DE1C207E6200806B39 /* CinderellaLoad.cpp in Sources */ = {isa = PBXBuildFile; fileRef = ACF594DC1C207E6200806B39 /* CinderellaLoad.cpp */; };
		ACF91EDB1BE757CD00AF6824 /* Scene.cpp in Sources */ = {isa = PBXBuildFile; fileRef = ACF91ED91BE757CD00AF6824 /* Scene.cpp */; };
		ACF91EE01BE75ABC00AF6824 /* Title.cpp in Sources */ = {isa = PBXBuildFile; fileRef = ACF91EDE1BE75ABC00AF6824 /* Title.cpp */; };
		ACF91EE31BE75BC600AF6824 /* SceneMaker.cpp in Sources */ = {isa = PBXBuildFile; fileRef = ACF91EE11BE75BC600AF6824 /* SceneMaker.cpp */; };
		ACF91EE61BE764F000AF6824 /* SceneManager.cpp in Sources */ = {isa = PBXBuildFile; fileRef = ACF91EE41BE764F000AF6824 /* SceneManager.cpp */; };
		ACF91EEB1BE76AD000AF6824 /* GameMain.cpp in Sources */ = {isa = PBXBuildFile; fileRef = ACF91EE91BE76AD000AF6824 /* GameMain.cpp */; };
		ACF91EEF1BE8069000AF6824 /* Result.cpp in Sources */ = {isa = PBXBuildFile; fileRef = ACF91EED1BE8069000AF6824 /* Result.cpp */; };
		BA2EA85C90F44FF3B2FE96CE /* MotionManager.cpp in Sources */ = {isa = PBXBuildFile; fileRef = 24EAB30525624A3FA99EA6CD /* MotionManager.cpp */; };
		C725DFFE121DAC7F00FA186B /* CoreMedia.framework in Frameworks */ = {isa = PBXBuildFile; fileRef = C727C02B121B400300192073 /* CoreMedia.framework */; settings = {ATTRIBUTES = (Weak, ); }; };
		C725E001121DAC8F00FA186B /* AVFoundation.framework in Frameworks */ = {isa = PBXBuildFile; fileRef = C725E000121DAC8F00FA186B /* AVFoundation.framework */; settings = {ATTRIBUTES = (Weak, ); }; };
		C725E001121DAC8FFFFA18FF /* ImageIO.framework in Frameworks */ = {isa = PBXBuildFile; fileRef = 00CFDF6A1138442D0091FFFF /* ImageIO.framework */; };
		C727C02E121B400300192073 /* CoreVideo.framework in Frameworks */ = {isa = PBXBuildFile; fileRef = C727C02D121B400300192073 /* CoreVideo.framework */; settings = {ATTRIBUTES = (Weak, ); }; };
		C7FB19D6124BC0D70045AFD2 /* AudioToolbox.framework in Frameworks */ = {isa = PBXBuildFile; fileRef = C7FB19D5124BC0D70045AFD2 /* AudioToolbox.framework */; };
		DDDDE001121DAC8FFFFADDDD /* MobileCoreServices.framework in Frameworks */ = {isa = PBXBuildFile; fileRef = DDDDDF6A1138442D0091DDDD /* MobileCoreServices.framework */; };
/* End PBXBuildFile section */

/* Begin PBXFileReference section */
		00692BCF14FF149000D0A05E /* DowaProject.app */ = {isa = PBXFileReference; explicitFileType = wrapper.application; includeInIndex = 0; path = DowaProject.app; sourceTree = BUILT_PRODUCTS_DIR; };
		00748057165D41390024B57A /* assets */ = {isa = PBXFileReference; lastKnownFileType = folder; name = assets; path = ../assets; sourceTree = "<group>"; };
		0087D25412CD809F002CD69F /* CoreText.framework */ = {isa = PBXFileReference; lastKnownFileType = wrapper.framework; name = CoreText.framework; path = System/Library/Frameworks/CoreText.framework; sourceTree = SDKROOT; };
		00A66A351965AC8800B17EB3 /* Accelerate.framework */ = {isa = PBXFileReference; lastKnownFileType = wrapper.framework; name = Accelerate.framework; path = System/Library/Frameworks/Accelerate.framework; sourceTree = SDKROOT; };
		00CFDF6A1138442D0091E310 /* CoreGraphics.framework */ = {isa = PBXFileReference; lastKnownFileType = wrapper.framework; name = CoreGraphics.framework; path = System/Library/Frameworks/CoreGraphics.framework; sourceTree = SDKROOT; };
		00CFDF6A1138442D0091FFFF /* ImageIO.framework */ = {isa = PBXFileReference; lastKnownFileType = wrapper.framework; name = ImageIO.framework; path = System/Library/Frameworks/ImageIO.framework; sourceTree = SDKROOT; };
		126206D7B0E14E02971D9B65 /* DowaProject_Prefix.pch */ = {isa = PBXFileReference; lastKnownFileType = "\"\""; path = DowaProject_Prefix.pch; sourceTree = "<group>"; };
		146ED39C1C1EB80D00C9E8ED /* Book.cpp */ = {isa = PBXFileReference; fileEncoding = 4; lastKnownFileType = sourcecode.cpp.cpp; path = Book.cpp; sourceTree = "<group>"; };
		146ED39D1C1EB80D00C9E8ED /* Book.hpp */ = {isa = PBXFileReference; fileEncoding = 4; lastKnownFileType = sourcecode.cpp.h; path = Book.hpp; sourceTree = "<group>"; };
		14B4859B1C1AE18C00824001 /* Ball.cpp */ = {isa = PBXFileReference; fileEncoding = 4; lastKnownFileType = sourcecode.cpp.cpp; path = Ball.cpp; sourceTree = "<group>"; };
		14B4859C1C1AE18C00824001 /* Ball.hpp */ = {isa = PBXFileReference; fileEncoding = 4; lastKnownFileType = sourcecode.cpp.h; path = Ball.hpp; sourceTree = "<group>"; };
		14B485A11C1AE18C00824001 /* BookShelf.cpp */ = {isa = PBXFileReference; fileEncoding = 4; lastKnownFileType = sourcecode.cpp.cpp; path = BookShelf.cpp; sourceTree = "<group>"; };
		14B485A21C1AE18C00824001 /* BookShelf.hpp */ = {isa = PBXFileReference; fileEncoding = 4; lastKnownFileType = sourcecode.cpp.h; path = BookShelf.hpp; sourceTree = "<group>"; };
		14B485A41C1AE18C00824001 /* Camera.cpp */ = {isa = PBXFileReference; fileEncoding = 4; lastKnownFileType = sourcecode.cpp.cpp; path = Camera.cpp; sourceTree = "<group>"; };
		14B485A51C1AE18C00824001 /* Camera.hpp */ = {isa = PBXFileReference; fileEncoding = 4; lastKnownFileType = sourcecode.cpp.h; path = Camera.hpp; sourceTree = "<group>"; };
		14B485A71C1AE18C00824001 /* Cinderella.cpp */ = {isa = PBXFileReference; fileEncoding = 4; lastKnownFileType = sourcecode.cpp.cpp; path = Cinderella.cpp; sourceTree = "<group>"; };
		14B485A81C1AE18C00824001 /* Cinderella.hpp */ = {isa = PBXFileReference; fileEncoding = 4; lastKnownFileType = sourcecode.cpp.h; path = Cinderella.hpp; sourceTree = "<group>"; };
		14B485B71C1AE1AB00824001 /* Floor.cpp */ = {isa = PBXFileReference; fileEncoding = 4; lastKnownFileType = sourcecode.cpp.cpp; path = Floor.cpp; sourceTree = "<group>"; };
		14B485B81C1AE1AB00824001 /* Floor.hpp */ = {isa = PBXFileReference; fileEncoding = 4; lastKnownFileType = sourcecode.cpp.h; path = Floor.hpp; sourceTree = "<group>"; };
		14B485BA1C1AE1AB00824001 /* Piano.cpp */ = {isa = PBXFileReference; fileEncoding = 4; lastKnownFileType = sourcecode.cpp.cpp; path = Piano.cpp; sourceTree = "<group>"; };
		14B485BB1C1AE1AB00824001 /* Piano.hpp */ = {isa = PBXFileReference; fileEncoding = 4; lastKnownFileType = sourcecode.cpp.h; path = Piano.hpp; sourceTree = "<group>"; };
		1D30AB110D05D00D00671497 /* Foundation.framework */ = {isa = PBXFileReference; lastKnownFileType = wrapper.framework; name = Foundation.framework; path = System/Library/Frameworks/Foundation.framework; sourceTree = SDKROOT; };
		1DF5F4DF0D08C38300B7A737 /* UIKit.framework */ = {isa = PBXFileReference; lastKnownFileType = wrapper.framework; name = UIKit.framework; path = System/Library/Frameworks/UIKit.framework; sourceTree = SDKROOT; };
		24EAB30525624A3FA99EA6CD /* MotionManager.cpp */ = {isa = PBXFileReference; lastKnownFileType = sourcecode.c.cpp; name = MotionManager.cpp; path = ../blocks/MotionManager/src/cinder/MotionManager.cpp; sourceTree = "<group>"; };
		28FD14FF0DC6FC520079059D /* OpenGLES.framework */ = {isa = PBXFileReference; lastKnownFileType = wrapper.framework; name = OpenGLES.framework; path = System/Library/Frameworks/OpenGLES.framework; sourceTree = SDKROOT; };
		28FD15070DC6FC5B0079059D /* QuartzCore.framework */ = {isa = PBXFileReference; lastKnownFileType = wrapper.framework; name = QuartzCore.framework; path = System/Library/Frameworks/QuartzCore.framework; sourceTree = SDKROOT; };
		35D261EFC1DD4236936029E3 /* MotionImplCoreMotion.mm */ = {isa = PBXFileReference; lastKnownFileType = sourcecode.cpp.objcpp; name = MotionImplCoreMotion.mm; path = ../blocks/MotionManager/src/cinder/MotionImplCoreMotion.mm; sourceTree = "<group>"; };
		57193DADEBDC4E54B24E0D9E /* MotionImplCoreMotion.h */ = {isa = PBXFileReference; lastKnownFileType = sourcecode.c.h; name = MotionImplCoreMotion.h; path = ../blocks/MotionManager/src/cinder/MotionImplCoreMotion.h; sourceTree = "<group>"; };
		68540AC17ABE427799CE74F6 /* Resources.h */ = {isa = PBXFileReference; lastKnownFileType = sourcecode.c.h; name = Resources.h; path = ../include/Resources.h; sourceTree = "<group>"; };
		96366FBAD7F24B33845C09FA /* DowaProjectApp.cpp */ = {isa = PBXFileReference; lastKnownFileType = sourcecode.c.cpp; name = DowaProjectApp.cpp; path = ../src/DowaProjectApp.cpp; sourceTree = "<group>"; };
		AC0DB5D81BEDA14E00E9EFC0 /* Device.cpp */ = {isa = PBXFileReference; fileEncoding = 4; lastKnownFileType = sourcecode.cpp.cpp; path = Device.cpp; sourceTree = "<group>"; };
		AC0DB5D91BEDA14E00E9EFC0 /* Device.hpp */ = {isa = PBXFileReference; fileEncoding = 4; lastKnownFileType = sourcecode.cpp.h; path = Device.hpp; sourceTree = "<group>"; };
		AC2D3A261BFB359500345AA5 /* FadeIn.cpp */ = {isa = PBXFileReference; fileEncoding = 4; lastKnownFileType = sourcecode.cpp.cpp; path = FadeIn.cpp; sourceTree = "<group>"; };
		AC2D3A281BFB359500345AA5 /* FadeOut.cpp */ = {isa = PBXFileReference; fileEncoding = 4; lastKnownFileType = sourcecode.cpp.cpp; path = FadeOut.cpp; sourceTree = "<group>"; };
		AC5873D91C0129DA00D40AE6 /* FadeBase.hpp */ = {isa = PBXFileReference; fileEncoding = 4; lastKnownFileType = sourcecode.cpp.h; path = FadeBase.hpp; sourceTree = "<group>"; };
		AC5873DA1C0129DA00D40AE6 /* FadeIn.hpp */ = {isa = PBXFileReference; fileEncoding = 4; lastKnownFileType = sourcecode.cpp.h; path = FadeIn.hpp; sourceTree = "<group>"; };
		AC5873DB1C0129DA00D40AE6 /* FadeOut.hpp */ = {isa = PBXFileReference; fileEncoding = 4; lastKnownFileType = sourcecode.cpp.h; path = FadeOut.hpp; sourceTree = "<group>"; };
		AC5873EE1C05ECCA00D40AE6 /* DataManager.cpp */ = {isa = PBXFileReference; fileEncoding = 4; lastKnownFileType = sourcecode.cpp.cpp; path = DataManager.cpp; sourceTree = "<group>"; };
		AC5873EF1C05ECCA00D40AE6 /* DataManager.hpp */ = {isa = PBXFileReference; fileEncoding = 4; lastKnownFileType = sourcecode.cpp.h; path = DataManager.hpp; sourceTree = "<group>"; };
		AC5873F01C05ECCA00D40AE6 /* ResourceKeys.hpp */ = {isa = PBXFileReference; fileEncoding = 4; lastKnownFileType = sourcecode.cpp.h; path = ResourceKeys.hpp; sourceTree = "<group>"; };
		AC5873F11C05ECCA00D40AE6 /* ResourceManager.cpp */ = {isa = PBXFileReference; fileEncoding = 4; lastKnownFileType = sourcecode.cpp.cpp; path = ResourceManager.cpp; sourceTree = "<group>"; };
		AC5873F21C05ECCA00D40AE6 /* ResourceManager.hpp */ = {isa = PBXFileReference; fileEncoding = 4; lastKnownFileType = sourcecode.cpp.h; path = ResourceManager.hpp; sourceTree = "<group>"; };
		AC5873F91C06A43B00D40AE6 /* Utility.cpp */ = {isa = PBXFileReference; fileEncoding = 4; lastKnownFileType = sourcecode.cpp.cpp; path = Utility.cpp; sourceTree = "<group>"; };
		AC5873FA1C06A43B00D40AE6 /* Utility.hpp */ = {isa = PBXFileReference; fileEncoding = 4; lastKnownFileType = sourcecode.cpp.h; path = Utility.hpp; sourceTree = "<group>"; };
		ACA081D71BF25720005FB898 /* Collision.cpp */ = {isa = PBXFileReference; fileEncoding = 4; lastKnownFileType = sourcecode.cpp.cpp; path = Collision.cpp; sourceTree = "<group>"; };
		ACA081D81BF25720005FB898 /* Collision.hpp */ = {isa = PBXFileReference; fileEncoding = 4; lastKnownFileType = sourcecode.cpp.h; path = Collision.hpp; sourceTree = "<group>"; };
		ACA081DB1BF317CD005FB898 /* Test.cpp */ = {isa = PBXFileReference; fileEncoding = 4; lastKnownFileType = sourcecode.cpp.cpp; path = Test.cpp; sourceTree = "<group>"; };
		ACA081DC1BF317CD005FB898 /* Test.hpp */ = {isa = PBXFileReference; fileEncoding = 4; lastKnownFileType = sourcecode.cpp.h; path = Test.hpp; sourceTree = "<group>"; };
		ACA20F251C087E2B0017DCA9 /* Window.cpp */ = {isa = PBXFileReference; fileEncoding = 4; lastKnownFileType = sourcecode.cpp.cpp; path = Window.cpp; sourceTree = "<group>"; };
		ACA20F261C087E2B0017DCA9 /* Window.hpp */ = {isa = PBXFileReference; fileEncoding = 4; lastKnownFileType = sourcecode.cpp.h; path = Window.hpp; sourceTree = "<group>"; };
		ACAE91DC1C1805400008B83E /* CinderellaScene.cpp */ = {isa = PBXFileReference; fileEncoding = 4; indentWidth = 2; lastKnownFileType = sourcecode.cpp.cpp; path = CinderellaScene.cpp; sourceTree = "<group>"; tabWidth = 2; };
		ACAE91DD1C1805400008B83E /* CinderellaScene.hpp */ = {isa = PBXFileReference; fileEncoding = 4; indentWidth = 2; lastKnownFileType = sourcecode.cpp.h; path = CinderellaScene.hpp; sourceTree = "<group>"; tabWidth = 2; };
		ACAE92051C186C6A0008B83E /* Select.cpp */ = {isa = PBXFileReference; fileEncoding = 4; lastKnownFileType = sourcecode.cpp.cpp; path = Select.cpp; sourceTree = "<group>"; };
		ACAE92061C186C6A0008B83E /* Select.hpp */ = {isa = PBXFileReference; fileEncoding = 4; lastKnownFileType = sourcecode.cpp.h; path = Select.hpp; sourceTree = "<group>"; };
		ACDB32F01BEF124F00046195 /* Object.cpp */ = {isa = PBXFileReference; fileEncoding = 4; lastKnownFileType = sourcecode.cpp.cpp; path = Object.cpp; sourceTree = "<group>"; };
		ACDB32F11BEF124F00046195 /* Object.hpp */ = {isa = PBXFileReference; fileEncoding = 4; lastKnownFileType = sourcecode.cpp.h; path = Object.hpp; sourceTree = "<group>"; };
		ACDB32F81BF040F000046195 /* Task.cpp */ = {isa = PBXFileReference; fileEncoding = 4; lastKnownFileType = sourcecode.cpp.cpp; path = Task.cpp; sourceTree = "<group>"; };
		ACDB32F91BF040F000046195 /* Task.hpp */ = {isa = PBXFileReference; fileEncoding = 4; lastKnownFileType = sourcecode.cpp.h; path = Task.hpp; sourceTree = "<group>"; };
		ACF594D01C1EE83500806B39 /* TitleLoad.cpp */ = {isa = PBXFileReference; fileEncoding = 4; lastKnownFileType = sourcecode.cpp.cpp; path = TitleLoad.cpp; sourceTree = "<group>"; };
		ACF594D11C1EE83500806B39 /* TitleLoad.hpp */ = {isa = PBXFileReference; fileEncoding = 4; lastKnownFileType = sourcecode.cpp.h; path = TitleLoad.hpp; sourceTree = "<group>"; };
		ACF594D31C1EE8C000806B39 /* ResultLoad.cpp */ = {isa = PBXFileReference; fileEncoding = 4; lastKnownFileType = sourcecode.cpp.cpp; path = ResultLoad.cpp; sourceTree = "<group>"; };
		ACF594D41C1EE8C000806B39 /* ResultLoad.hpp */ = {isa = PBXFileReference; fileEncoding = 4; lastKnownFileType = sourcecode.cpp.h; path = ResultLoad.hpp; sourceTree = "<group>"; };
		ACF594D61C1EE8D200806B39 /* SelectLoad.cpp */ = {isa = PBXFileReference; fileEncoding = 4; lastKnownFileType = sourcecode.cpp.cpp; path = SelectLoad.cpp; sourceTree = "<group>"; };
		ACF594D71C1EE8D200806B39 /* SelectLoad.hpp */ = {isa = PBXFileReference; fileEncoding = 4; lastKnownFileType = sourcecode.cpp.h; path = SelectLoad.hpp; sourceTree = "<group>"; };
		ACF594DC1C207E6200806B39 /* CinderellaLoad.cpp */ = {isa = PBXFileReference; fileEncoding = 4; lastKnownFileType = sourcecode.cpp.cpp; path = CinderellaLoad.cpp; sourceTree = "<group>"; };
		ACF594DD1C207E6200806B39 /* CinderellaLoad.hpp */ = {isa = PBXFileReference; fileEncoding = 4; lastKnownFileType = sourcecode.cpp.h; path = CinderellaLoad.hpp; sourceTree = "<group>"; };
		ACF91ED91BE757CD00AF6824 /* Scene.cpp */ = {isa = PBXFileReference; fileEncoding = 4; lastKnownFileType = sourcecode.cpp.cpp; path = Scene.cpp; sourceTree = "<group>"; };
		ACF91EDA1BE757CD00AF6824 /* Scene.hpp */ = {isa = PBXFileReference; fileEncoding = 4; lastKnownFileType = sourcecode.cpp.h; path = Scene.hpp; sourceTree = "<group>"; };
		ACF91EDE1BE75ABC00AF6824 /* Title.cpp */ = {isa = PBXFileReference; fileEncoding = 4; lastKnownFileType = sourcecode.cpp.cpp; path = Title.cpp; sourceTree = "<group>"; };
		ACF91EDF1BE75ABC00AF6824 /* Title.hpp */ = {isa = PBXFileReference; fileEncoding = 4; lastKnownFileType = sourcecode.cpp.h; path = Title.hpp; sourceTree = "<group>"; };
		ACF91EE11BE75BC600AF6824 /* SceneMaker.cpp */ = {isa = PBXFileReference; fileEncoding = 4; lastKnownFileType = sourcecode.cpp.cpp; path = SceneMaker.cpp; sourceTree = "<group>"; };
		ACF91EE21BE75BC600AF6824 /* SceneMaker.hpp */ = {isa = PBXFileReference; fileEncoding = 4; lastKnownFileType = sourcecode.cpp.h; path = SceneMaker.hpp; sourceTree = "<group>"; };
		ACF91EE41BE764F000AF6824 /* SceneManager.cpp */ = {isa = PBXFileReference; fileEncoding = 4; lastKnownFileType = sourcecode.cpp.cpp; path = SceneManager.cpp; sourceTree = "<group>"; };
		ACF91EE51BE764F000AF6824 /* SceneManager.hpp */ = {isa = PBXFileReference; fileEncoding = 4; lastKnownFileType = sourcecode.cpp.h; path = SceneManager.hpp; sourceTree = "<group>"; };
		ACF91EE91BE76AD000AF6824 /* GameMain.cpp */ = {isa = PBXFileReference; fileEncoding = 4; lastKnownFileType = sourcecode.cpp.cpp; path = GameMain.cpp; sourceTree = "<group>"; };
		ACF91EEA1BE76AD000AF6824 /* GameMain.hpp */ = {isa = PBXFileReference; fileEncoding = 4; lastKnownFileType = sourcecode.cpp.h; path = GameMain.hpp; sourceTree = "<group>"; };
		ACF91EED1BE8069000AF6824 /* Result.cpp */ = {isa = PBXFileReference; fileEncoding = 4; indentWidth = 2; lastKnownFileType = sourcecode.cpp.cpp; path = Result.cpp; sourceTree = "<group>"; tabWidth = 2; };
		ACF91EEE1BE8069000AF6824 /* Result.hpp */ = {isa = PBXFileReference; fileEncoding = 4; indentWidth = 2; lastKnownFileType = sourcecode.cpp.h; path = Result.hpp; sourceTree = "<group>"; tabWidth = 2; };
		B112C46395B542438FB8D300 /* CoreMotion.framework */ = {isa = PBXFileReference; lastKnownFileType = wrapper.framework; name = CoreMotion.framework; path = System/Library/Frameworks/CoreMotion.framework; sourceTree = SDKROOT; };
		BBEC120E8DF24E54B3418175 /* MotionManager.h */ = {isa = PBXFileReference; lastKnownFileType = sourcecode.c.h; name = MotionManager.h; path = ../blocks/MotionManager/src/cinder/MotionManager.h; sourceTree = "<group>"; };
		C0EC8E147D564C46829F7611 /* CinderApp_ios.png */ = {isa = PBXFileReference; lastKnownFileType = "\"\""; name = CinderApp_ios.png; path = ../resources/CinderApp_ios.png; sourceTree = "<group>"; };
		C208751BA4C64AA9A0FEF572 /* Default-568h@2x.png */ = {isa = PBXFileReference; lastKnownFileType = "\"\""; path = "Default-568h@2x.png"; sourceTree = "<group>"; };
		C46DD9539F804FEC8029BBB0 /* Info.plist */ = {isa = PBXFileReference; lastKnownFileType = text.plist.xml; path = Info.plist; sourceTree = "<group>"; };
		C725E000121DAC8F00FA186B /* AVFoundation.framework */ = {isa = PBXFileReference; lastKnownFileType = wrapper.framework; name = AVFoundation.framework; path = System/Library/Frameworks/AVFoundation.framework; sourceTree = SDKROOT; };
		C727C02B121B400300192073 /* CoreMedia.framework */ = {isa = PBXFileReference; lastKnownFileType = wrapper.framework; name = CoreMedia.framework; path = System/Library/Frameworks/CoreMedia.framework; sourceTree = SDKROOT; };
		C727C02D121B400300192073 /* CoreVideo.framework */ = {isa = PBXFileReference; lastKnownFileType = wrapper.framework; name = CoreVideo.framework; path = System/Library/Frameworks/CoreVideo.framework; sourceTree = SDKROOT; };
		C7FB19D5124BC0D70045AFD2 /* AudioToolbox.framework */ = {isa = PBXFileReference; lastKnownFileType = wrapper.framework; name = AudioToolbox.framework; path = System/Library/Frameworks/AudioToolbox.framework; sourceTree = SDKROOT; };
		DDDDDF6A1138442D0091DDDD /* MobileCoreServices.framework */ = {isa = PBXFileReference; lastKnownFileType = wrapper.framework; name = MobileCoreServices.framework; path = System/Library/Frameworks/MobileCoreServices.framework; sourceTree = SDKROOT; };
/* End PBXFileReference section */

/* Begin PBXFrameworksBuildPhase section */
		00692BCC14FF149000D0A05E /* Frameworks */ = {
			isa = PBXFrameworksBuildPhase;
			buildActionMask = 2147483647;
			files = (
				C725E001121DAC8F00FA186B /* AVFoundation.framework in Frameworks */,
				C725DFFE121DAC7F00FA186B /* CoreMedia.framework in Frameworks */,
				C725E001121DAC8FFFFA18FF /* ImageIO.framework in Frameworks */,
				DDDDE001121DAC8FFFFADDDD /* MobileCoreServices.framework in Frameworks */,
				1D60589F0D05DD5A006BFB54 /* Foundation.framework in Frameworks */,
				1DF5F4E00D08C38300B7A737 /* UIKit.framework in Frameworks */,
				28FD15000DC6FC520079059D /* OpenGLES.framework in Frameworks */,
				28FD15080DC6FC5B0079059D /* QuartzCore.framework in Frameworks */,
				00CFDF6B1138442D0091E310 /* CoreGraphics.framework in Frameworks */,
				C727C02E121B400300192073 /* CoreVideo.framework in Frameworks */,
				C7FB19D6124BC0D70045AFD2 /* AudioToolbox.framework in Frameworks */,
				00A66A361965AC8800B17EB3 /* Accelerate.framework in Frameworks */,
				0087D25512CD809F002CD69F /* CoreText.framework in Frameworks */,
				0A386FFC32984F4CADC5B8AB /* CoreMotion.framework in Frameworks */,
			);
			runOnlyForDeploymentPostprocessing = 0;
		};
/* End PBXFrameworksBuildPhase section */

/* Begin PBXGroup section */
		00692BC414FF149000D0A05E = {
			isa = PBXGroup;
			children = (
				99692BD914FF149000DFFFFF /* Blocks */,
				99692BD914FF149000D0A05F /* Headers */,
				00692BD914FF149000D0A05E /* Source */,
				00692BD914FF149000D0FFFF /* Resources */,
				00692BD214FF149000D0A05E /* Frameworks */,
				00692BD014FF149000D0A05E /* Products */,
			);
			sourceTree = "<group>";
		};
		00692BD014FF149000D0A05E /* Products */ = {
			isa = PBXGroup;
			children = (
				00692BCF14FF149000D0A05E /* DowaProject.app */,
			);
			name = Products;
			sourceTree = "<group>";
		};
		00692BD214FF149000D0A05E /* Frameworks */ = {
			isa = PBXGroup;
			children = (
				C7FB19D5124BC0D70045AFD2 /* AudioToolbox.framework */,
				00A66A351965AC8800B17EB3 /* Accelerate.framework */,
				C727C02B121B400300192073 /* CoreMedia.framework */,
				C727C02D121B400300192073 /* CoreVideo.framework */,
				28FD15070DC6FC5B0079059D /* QuartzCore.framework */,
				28FD14FF0DC6FC520079059D /* OpenGLES.framework */,
				1DF5F4DF0D08C38300B7A737 /* UIKit.framework */,
				1D30AB110D05D00D00671497 /* Foundation.framework */,
				00CFDF6A1138442D0091E310 /* CoreGraphics.framework */,
				00CFDF6A1138442D0091FFFF /* ImageIO.framework */,
				DDDDDF6A1138442D0091DDDD /* MobileCoreServices.framework */,
				C725E000121DAC8F00FA186B /* AVFoundation.framework */,
				0087D25412CD809F002CD69F /* CoreText.framework */,
				B112C46395B542438FB8D300 /* CoreMotion.framework */,
			);
			name = Frameworks;
			sourceTree = "<group>";
		};
		00692BD914FF149000D0A05E /* Source */ = {
			isa = PBXGroup;
			children = (
				ACA20F241C087E1F0017DCA9 /* window */,
				AC5873F81C06A42700D40AE6 /* utility */,
				AC5873ED1C05ECCA00D40AE6 /* resource */,
				ACA081D61BF2570E005FB898 /* collision */,
				ACDB32EF1BEF120900046195 /* object */,
				AC0DB5D71BEDA14400E9EFC0 /* device */,
				ACF91ECE1BE7554E00AF6824 /* scene */,
				96366FBAD7F24B33845C09FA /* DowaProjectApp.cpp */,
			);
			name = Source;
			sourceTree = "<group>";
		};
		00692BD914FF149000D0FFFF /* Resources */ = {
			isa = PBXGroup;
			children = (
				00748057165D41390024B57A /* assets */,
				C0EC8E147D564C46829F7611 /* CinderApp_ios.png */,
				C208751BA4C64AA9A0FEF572 /* Default-568h@2x.png */,
				C46DD9539F804FEC8029BBB0 /* Info.plist */,
			);
			name = Resources;
			sourceTree = "<group>";
		};
		146ED39B1C1EB80D00C9E8ED /* book */ = {
			isa = PBXGroup;
			children = (
				146ED39C1C1EB80D00C9E8ED /* Book.cpp */,
				146ED39D1C1EB80D00C9E8ED /* Book.hpp */,
			);
			path = book;
			sourceTree = "<group>";
		};
		14B4859A1C1AE18C00824001 /* ball */ = {
			isa = PBXGroup;
			children = (
				14B4859B1C1AE18C00824001 /* Ball.cpp */,
				14B4859C1C1AE18C00824001 /* Ball.hpp */,
			);
			name = ball;
			path = Ball;
			sourceTree = "<group>";
		};
		14B485A01C1AE18C00824001 /* bookshelf */ = {
			isa = PBXGroup;
			children = (
				14B485A11C1AE18C00824001 /* BookShelf.cpp */,
				14B485A21C1AE18C00824001 /* BookShelf.hpp */,
			);
			name = bookshelf;
			path = BookShelf;
			sourceTree = "<group>";
		};
		14B485A31C1AE18C00824001 /* camera */ = {
			isa = PBXGroup;
			children = (
				14B485A41C1AE18C00824001 /* Camera.cpp */,
				14B485A51C1AE18C00824001 /* Camera.hpp */,
			);
			path = camera;
			sourceTree = "<group>";
		};
		14B485A61C1AE18C00824001 /* cinderella */ = {
			isa = PBXGroup;
			children = (
				14B485A71C1AE18C00824001 /* Cinderella.cpp */,
				14B485A81C1AE18C00824001 /* Cinderella.hpp */,
			);
			name = cinderella;
			path = Cinderella;
			sourceTree = "<group>";
		};
		14B485B61C1AE1AB00824001 /* floor */ = {
			isa = PBXGroup;
			children = (
				14B485B71C1AE1AB00824001 /* Floor.cpp */,
				14B485B81C1AE1AB00824001 /* Floor.hpp */,
			);
			name = floor;
			path = Floor;
			sourceTree = "<group>";
		};
		14B485B91C1AE1AB00824001 /* piano */ = {
			isa = PBXGroup;
			children = (
				14B485BA1C1AE1AB00824001 /* Piano.cpp */,
				14B485BB1C1AE1AB00824001 /* Piano.hpp */,
			);
			name = piano;
			path = Piano;
			sourceTree = "<group>";
		};
		439553FDC8884A33AEC46B89 /* MotionManager */ = {
			isa = PBXGroup;
			children = (
				57E5D62742BA43018B3B8727 /* src */,
			);
			name = MotionManager;
			sourceTree = "<group>";
		};
		57E5D62742BA43018B3B8727 /* src */ = {
			isa = PBXGroup;
			children = (
				A56CEF0B8FEB4EE7BEF594FE /* cinder */,
			);
			name = src;
			sourceTree = "<group>";
		};
		99692BD914FF149000D0A05F /* Headers */ = {
			isa = PBXGroup;
			children = (
				68540AC17ABE427799CE74F6 /* Resources.h */,
				126206D7B0E14E02971D9B65 /* DowaProject_Prefix.pch */,
			);
			name = Headers;
			sourceTree = "<group>";
		};
		99692BD914FF149000DFFFFF /* Blocks */ = {
			isa = PBXGroup;
			children = (
				439553FDC8884A33AEC46B89 /* MotionManager */,
			);
			name = Blocks;
			sourceTree = "<group>";
		};
		A56CEF0B8FEB4EE7BEF594FE /* cinder */ = {
			isa = PBXGroup;
			children = (
				24EAB30525624A3FA99EA6CD /* MotionManager.cpp */,
				35D261EFC1DD4236936029E3 /* MotionImplCoreMotion.mm */,
				57193DADEBDC4E54B24E0D9E /* MotionImplCoreMotion.h */,
				BBEC120E8DF24E54B3418175 /* MotionManager.h */,
			);
			name = cinder;
			sourceTree = "<group>";
		};
		AC0DB5D71BEDA14400E9EFC0 /* device */ = {
			isa = PBXGroup;
			children = (
				AC0DB5D81BEDA14E00E9EFC0 /* Device.cpp */,
				AC0DB5D91BEDA14E00E9EFC0 /* Device.hpp */,
			);
			name = device;
			path = ../src/device;
			sourceTree = "<group>";
		};
		AC2D3A241BFB359500345AA5 /* fade */ = {
			isa = PBXGroup;
			children = (
				AC5873D91C0129DA00D40AE6 /* FadeBase.hpp */,
				AC5873DA1C0129DA00D40AE6 /* FadeIn.hpp */,
				AC5873DB1C0129DA00D40AE6 /* FadeOut.hpp */,
				AC2D3A261BFB359500345AA5 /* FadeIn.cpp */,
				AC2D3A281BFB359500345AA5 /* FadeOut.cpp */,
			);
			path = fade;
			sourceTree = "<group>";
		};
		AC5873ED1C05ECCA00D40AE6 /* resource */ = {
			isa = PBXGroup;
			children = (
				AC5873EE1C05ECCA00D40AE6 /* DataManager.cpp */,
				AC5873EF1C05ECCA00D40AE6 /* DataManager.hpp */,
				AC5873F01C05ECCA00D40AE6 /* ResourceKeys.hpp */,
				AC5873F11C05ECCA00D40AE6 /* ResourceManager.cpp */,
				AC5873F21C05ECCA00D40AE6 /* ResourceManager.hpp */,
			);
			name = resource;
			path = ../src/resource;
			sourceTree = "<group>";
		};
		AC5873F81C06A42700D40AE6 /* utility */ = {
			isa = PBXGroup;
			children = (
				AC5873F91C06A43B00D40AE6 /* Utility.cpp */,
				AC5873FA1C06A43B00D40AE6 /* Utility.hpp */,
			);
			name = utility;
			path = ../src/utility;
			sourceTree = "<group>";
		};
		ACA081D61BF2570E005FB898 /* collision */ = {
			isa = PBXGroup;
			children = (
				ACA081D71BF25720005FB898 /* Collision.cpp */,
				ACA081D81BF25720005FB898 /* Collision.hpp */,
			);
			name = collision;
			path = ../src/collision;
			sourceTree = "<group>";
		};
		ACA081DA1BF317B1005FB898 /* test */ = {
			isa = PBXGroup;
			children = (
				ACA081DB1BF317CD005FB898 /* Test.cpp */,
				ACA081DC1BF317CD005FB898 /* Test.hpp */,
			);
			path = test;
			sourceTree = "<group>";
		};
		ACA20F241C087E1F0017DCA9 /* window */ = {
			isa = PBXGroup;
			children = (
				ACA20F251C087E2B0017DCA9 /* Window.cpp */,
				ACA20F261C087E2B0017DCA9 /* Window.hpp */,
			);
			name = window;
			path = ../src/window;
			sourceTree = "<group>";
		};
		ACAE91D41C16E4C70008B83E /* cinderella */ = {
			isa = PBXGroup;
			children = (
				ACAE91DC1C1805400008B83E /* CinderellaScene.cpp */,
				ACAE91DD1C1805400008B83E /* CinderellaScene.hpp */,
				146ED39B1C1EB80D00C9E8ED /* book */,
				14B485A01C1AE18C00824001 /* bookshelf */,
				14B485A61C1AE18C00824001 /* cinderella */,
				14B4859A1C1AE18C00824001 /* ball */,
				14B485B61C1AE1AB00824001 /* floor */,
				14B485B91C1AE1AB00824001 /* piano */,
				14B485A31C1AE18C00824001 /* camera */,
				ACF594DC1C207E6200806B39 /* CinderellaLoad.cpp */,
				ACF594DD1C207E6200806B39 /* CinderellaLoad.hpp */,
			);
			path = cinderella;
			sourceTree = "<group>";
		};
		ACAE92041C186C6A0008B83E /* select */ = {
			isa = PBXGroup;
			children = (
				ACF594D61C1EE8D200806B39 /* SelectLoad.cpp */,
				ACF594D71C1EE8D200806B39 /* SelectLoad.hpp */,
				ACAE92051C186C6A0008B83E /* Select.cpp */,
				ACAE92061C186C6A0008B83E /* Select.hpp */,
			);
			path = select;
			sourceTree = "<group>";
		};
		ACDB32EF1BEF120900046195 /* object */ = {
			isa = PBXGroup;
			children = (
				ACDB32F01BEF124F00046195 /* Object.cpp */,
				ACDB32F11BEF124F00046195 /* Object.hpp */,
				ACDB32F81BF040F000046195 /* Task.cpp */,
				ACDB32F91BF040F000046195 /* Task.hpp */,
			);
			name = object;
			path = ../src/object;
			sourceTree = "<group>";
		};
		ACF91ECE1BE7554E00AF6824 /* scene */ = {
			isa = PBXGroup;
			children = (
				ACAE92041C186C6A0008B83E /* select */,
				ACAE91D41C16E4C70008B83E /* cinderella */,
				AC2D3A241BFB359500345AA5 /* fade */,
				ACA081DA1BF317B1005FB898 /* test */,
				ACF91EEC1BE8067C00AF6824 /* result */,
				ACF91EE81BE76AC200AF6824 /* gameMain */,
				ACF91EDD1BE75AAF00AF6824 /* title */,
				ACF91ED91BE757CD00AF6824 /* Scene.cpp */,
				ACF91EDA1BE757CD00AF6824 /* Scene.hpp */,
				ACF91EE11BE75BC600AF6824 /* SceneMaker.cpp */,
				ACF91EE21BE75BC600AF6824 /* SceneMaker.hpp */,
				ACF91EE41BE764F000AF6824 /* SceneManager.cpp */,
				ACF91EE51BE764F000AF6824 /* SceneManager.hpp */,
			);
			name = scene;
			path = ../src/scene;
			sourceTree = "<group>";
		};
		ACF91EDD1BE75AAF00AF6824 /* title */ = {
			isa = PBXGroup;
			children = (
				ACF594D01C1EE83500806B39 /* TitleLoad.cpp */,
				ACF594D11C1EE83500806B39 /* TitleLoad.hpp */,
				ACF91EDE1BE75ABC00AF6824 /* Title.cpp */,
				ACF91EDF1BE75ABC00AF6824 /* Title.hpp */,
			);
			path = title;
			sourceTree = "<group>";
		};
		ACF91EE81BE76AC200AF6824 /* gameMain */ = {
			isa = PBXGroup;
			children = (
				ACF91EE91BE76AD000AF6824 /* GameMain.cpp */,
				ACF91EEA1BE76AD000AF6824 /* GameMain.hpp */,
			);
			path = gameMain;
			sourceTree = "<group>";
		};
		ACF91EEC1BE8067C00AF6824 /* result */ = {
			isa = PBXGroup;
			children = (
				ACF594D31C1EE8C000806B39 /* ResultLoad.cpp */,
				ACF594D41C1EE8C000806B39 /* ResultLoad.hpp */,
				ACF91EED1BE8069000AF6824 /* Result.cpp */,
				ACF91EEE1BE8069000AF6824 /* Result.hpp */,
			);
			path = result;
			sourceTree = "<group>";
		};
/* End PBXGroup section */

/* Begin PBXNativeTarget section */
		00692BCE14FF149000D0A05E /* DowaProject */ = {
			isa = PBXNativeTarget;
			buildConfigurationList = 00692BF514FF149000D0A05E /* Build configuration list for PBXNativeTarget "DowaProject" */;
			buildPhases = (
				00692BCB14FF149000D0A05E /* Sources */,
				00692BCC14FF149000D0A05E /* Frameworks */,
				00692BCD14FF149000D0A05E /* Resources */,
			);
			buildRules = (
			);
			dependencies = (
			);
			name = DowaProject;
			productName = DowaProject;
			productReference = 00692BCF14FF149000D0A05E /* DowaProject.app */;
			productType = "com.apple.product-type.application";
		};
/* End PBXNativeTarget section */

/* Begin PBXProject section */
		00692BC614FF149000D0A05E /* Project object */ = {
			isa = PBXProject;
			attributes = {
				TargetAttributes = {
					00692BCE14FF149000D0A05E = {
						DevelopmentTeam = F68WFR3SW2;
					};
				};
			};
			buildConfigurationList = 00692BC914FF149000D0A05E /* Build configuration list for PBXProject "DowaProject" */;
			compatibilityVersion = "Xcode 3.2";
			developmentRegion = English;
			hasScannedForEncodings = 0;
			knownRegions = (
				en,
			);
			mainGroup = 00692BC414FF149000D0A05E;
			productRefGroup = 00692BD014FF149000D0A05E /* Products */;
			projectDirPath = "";
			projectRoot = "";
			targets = (
				00692BCE14FF149000D0A05E /* DowaProject */,
			);
		};
/* End PBXProject section */

/* Begin PBXResourcesBuildPhase section */
		00692BCD14FF149000D0A05E /* Resources */ = {
			isa = PBXResourcesBuildPhase;
			buildActionMask = 2147483647;
			files = (
				00748058165D41390024B57A /* assets in Resources */,
				2061D27971614E10A906E1B2 /* CinderApp_ios.png in Resources */,
				43B95190D86F410EB1394193 /* Default-568h@2x.png in Resources */,
			);
			runOnlyForDeploymentPostprocessing = 0;
		};
/* End PBXResourcesBuildPhase section */

/* Begin PBXSourcesBuildPhase section */
		00692BCB14FF149000D0A05E /* Sources */ = {
			isa = PBXSourcesBuildPhase;
			buildActionMask = 2147483647;
			files = (
				ACF594DE1C207E6200806B39 /* CinderellaLoad.cpp in Sources */,
				ACF594D21C1EE83500806B39 /* TitleLoad.cpp in Sources */,
				14B485AB1C1AE18C00824001 /* BookShelf.cpp in Sources */,
				AC5873F31C05ECCA00D40AE6 /* DataManager.cpp in Sources */,
				ACA081D91BF25720005FB898 /* Collision.cpp in Sources */,
				ACAE92071C186C6A0008B83E /* Select.cpp in Sources */,
				146ED39E1C1EB80D00C9E8ED /* Book.cpp in Sources */,
				ACF91EE61BE764F000AF6824 /* SceneManager.cpp in Sources */,
				ACAE91DE1C1805400008B83E /* CinderellaScene.cpp in Sources */,
				ACF91EDB1BE757CD00AF6824 /* Scene.cpp in Sources */,
				ACDB32F21BEF124F00046195 /* Object.cpp in Sources */,
				ACF91EE31BE75BC600AF6824 /* SceneMaker.cpp in Sources */,
				53FFB58AAE664DE1A8BEC021 /* DowaProjectApp.cpp in Sources */,
				ACF91EEB1BE76AD000AF6824 /* GameMain.cpp in Sources */,
				ACF91EEF1BE8069000AF6824 /* Result.cpp in Sources */,
				14B485A91C1AE18C00824001 /* Ball.cpp in Sources */,
				ACA20F271C087E2B0017DCA9 /* Window.cpp in Sources */,
				BA2EA85C90F44FF3B2FE96CE /* MotionManager.cpp in Sources */,
				ACA081DD1BF317CD005FB898 /* Test.cpp in Sources */,
				14B485AD1C1AE18C00824001 /* Cinderella.cpp in Sources */,
				AC5873FB1C06A43B00D40AE6 /* Utility.cpp in Sources */,
				AC0DB5DA1BEDA14E00E9EFC0 /* Device.cpp in Sources */,
				9A062A5CA8124C4296DBBCF6 /* MotionImplCoreMotion.mm in Sources */,
				AC2D3A2A1BFB359500345AA5 /* FadeIn.cpp in Sources */,
				14B485AC1C1AE18C00824001 /* Camera.cpp in Sources */,
				ACF91EE01BE75ABC00AF6824 /* Title.cpp in Sources */,
				14B485BC1C1AE1AB00824001 /* Floor.cpp in Sources */,
				AC2D3A2B1BFB359500345AA5 /* FadeOut.cpp in Sources */,
				14B485BD1C1AE1AB00824001 /* Piano.cpp in Sources */,
				ACDB32FA1BF040F000046195 /* Task.cpp in Sources */,
				AC5873F41C05ECCA00D40AE6 /* ResourceManager.cpp in Sources */,
				ACF594D51C1EE8C000806B39 /* ResultLoad.cpp in Sources */,
				ACF594D81C1EE8D200806B39 /* SelectLoad.cpp in Sources */,
			);
			runOnlyForDeploymentPostprocessing = 0;
		};
/* End PBXSourcesBuildPhase section */

/* Begin XCBuildConfiguration section */
		00692BF314FF149000D0A05E /* Debug */ = {
			isa = XCBuildConfiguration;
			buildSettings = {
				ALWAYS_SEARCH_USER_PATHS = NO;
				ARCHS = "$(ARCHS_STANDARD_32_BIT)";
				CINDER_PATH = ../../cinder_0.8.6_mac;
				CLANG_CXX_LANGUAGE_STANDARD = "c++0x";
				CLANG_CXX_LIBRARY = "libc++";
				"CODE_SIGN_IDENTITY[sdk=iphoneos*]" = "iPhone Developer";
				COPY_PHASE_STRIP = NO;
				DEAD_CODE_STRIPPING = YES;
				GCC_C_LANGUAGE_STANDARD = gnu99;
				GCC_DYNAMIC_NO_PIC = NO;
				GCC_OPTIMIZATION_LEVEL = 0;
				GCC_PREPROCESSOR_DEFINITIONS = (
					"DEBUG=1",
					"$(inherited)",
				);
				GCC_SYMBOLS_PRIVATE_EXTERN = NO;
				GCC_VERSION = com.apple.compilers.llvm.clang.1_0;
				GCC_WARN_ABOUT_MISSING_PROTOTYPES = YES;
				GCC_WARN_ABOUT_RETURN_TYPE = YES;
				GCC_WARN_UNUSED_VARIABLE = YES;
				HEADER_SEARCH_PATHS = "\"$(CINDER_PATH)/boost\"";
				IPHONEOS_DEPLOYMENT_TARGET = 9.1;
				SDKROOT = iphoneos;
				TARGETED_DEVICE_FAMILY = "1,2";
				USER_HEADER_SEARCH_PATHS = "\"$(CINDER_PATH)/include\" ../include ../blocks/MotionManager/src";
			};
			name = Debug;
		};
		00692BF414FF149000D0A05E /* Release */ = {
			isa = XCBuildConfiguration;
			buildSettings = {
				ALWAYS_SEARCH_USER_PATHS = NO;
				ARCHS = "$(ARCHS_STANDARD_32_BIT)";
				CINDER_PATH = ../../cinder_0.8.6_mac;
				CLANG_CXX_LANGUAGE_STANDARD = "c++0x";
				CLANG_CXX_LIBRARY = "libc++";
				"CODE_SIGN_IDENTITY[sdk=iphoneos*]" = "iPhone Developer";
				COPY_PHASE_STRIP = YES;
				DEAD_CODE_STRIPPING = YES;
				GCC_C_LANGUAGE_STANDARD = gnu99;
				GCC_PREPROCESSOR_DEFINITIONS = (
					"NDEBUG=1",
					"$(inherited)",
				);
				GCC_VERSION = com.apple.compilers.llvm.clang.1_0;
				GCC_WARN_ABOUT_MISSING_PROTOTYPES = YES;
				GCC_WARN_ABOUT_RETURN_TYPE = YES;
				GCC_WARN_UNUSED_VARIABLE = YES;
				HEADER_SEARCH_PATHS = "\"$(CINDER_PATH)/boost\"";
				IPHONEOS_DEPLOYMENT_TARGET = 9.1;
				OTHER_CFLAGS = "-DNS_BLOCK_ASSERTIONS=1";
				SDKROOT = iphoneos;
				TARGETED_DEVICE_FAMILY = "1,2";
				USER_HEADER_SEARCH_PATHS = "\"$(CINDER_PATH)/include\" ../include ../blocks/MotionManager/src";
				VALIDATE_PRODUCT = YES;
			};
			name = Release;
		};
		00692BF614FF149000D0A05E /* Debug */ = {
			isa = XCBuildConfiguration;
			buildSettings = {
				CLANG_CXX_LANGUAGE_STANDARD = "gnu++14";
				CODE_SIGN_IDENTITY = "iPhone Developer";
				"CODE_SIGN_IDENTITY[sdk=iphoneos*]" = "iPhone Developer";
				ENABLE_BITCODE = NO;
				GCC_PRECOMPILE_PREFIX_HEADER = YES;
				GCC_PREFIX_HEADER = DowaProject_Prefix.pch;
				INFOPLIST_FILE = Info.plist;
				IPHONEOS_DEPLOYMENT_TARGET = 9.1;
				"OTHER_LDFLAGS[sdk=iphoneos*][arch=*]" = (
					"\"$(CINDER_PATH)/lib/libcinder-iphone_d.a\"",
					"-lz",
					"\"$(CINDER_PATH)/blocks/opencv/lib/ios/libopencv_calib3d.a\"",
					"\"$(CINDER_PATH)/blocks/opencv/lib/ios/libopencv_contrib.a\"",
					"\"$(CINDER_PATH)/blocks/opencv/lib/ios/libopencv_core.a\"",
					"\"$(CINDER_PATH)/blocks/opencv/lib/ios/libopencv_features2d.a\"",
					"\"$(CINDER_PATH)/blocks/opencv/lib/ios/libopencv_flann.a\"",
					"\"$(CINDER_PATH)/blocks/opencv/lib/ios/libopencv_imgproc.a\"",
					"\"$(CINDER_PATH)/blocks/opencv/lib/ios/libopencv_legacy.a\"",
					"\"$(CINDER_PATH)/blocks/opencv/lib/ios/libopencv_ml.a\"",
					"\"$(CINDER_PATH)/blocks/opencv/lib/ios/libopencv_nonfree.a\"",
					"\"$(CINDER_PATH)/blocks/opencv/lib/ios/libopencv_objdetect.a\"",
					"\"$(CINDER_PATH)/blocks/opencv/lib/ios/libopencv_photo.a\"",
					"\"$(CINDER_PATH)/blocks/opencv/lib/ios/libopencv_video.a\"",
					"\"$(CINDER_PATH)/blocks/opencv/lib/ios/libopencv_stitching.a\"",
					"\"$(CINDER_PATH)/blocks/opencv/lib/ios/libopencv_videostab.a\"",
				);
				"OTHER_LDFLAGS[sdk=iphonesimulator*][arch=*]" = (
					"\"$(CINDER_PATH)/lib/libcinder-iphone_d.a\"",
					"-lz",
					"\"$(CINDER_PATH)/blocks/opencv/lib/ios/libopencv_calib3d.a\"",
					"\"$(CINDER_PATH)/blocks/opencv/lib/ios/libopencv_contrib.a\"",
					"\"$(CINDER_PATH)/blocks/opencv/lib/ios/libopencv_core.a\"",
					"\"$(CINDER_PATH)/blocks/opencv/lib/ios/libopencv_features2d.a\"",
					"\"$(CINDER_PATH)/blocks/opencv/lib/ios/libopencv_flann.a\"",
					"\"$(CINDER_PATH)/blocks/opencv/lib/ios/libopencv_imgproc.a\"",
					"\"$(CINDER_PATH)/blocks/opencv/lib/ios/libopencv_legacy.a\"",
					"\"$(CINDER_PATH)/blocks/opencv/lib/ios/libopencv_ml.a\"",
					"\"$(CINDER_PATH)/blocks/opencv/lib/ios/libopencv_nonfree.a\"",
					"\"$(CINDER_PATH)/blocks/opencv/lib/ios/libopencv_objdetect.a\"",
					"\"$(CINDER_PATH)/blocks/opencv/lib/ios/libopencv_photo.a\"",
					"\"$(CINDER_PATH)/blocks/opencv/lib/ios/libopencv_video.a\"",
					"\"$(CINDER_PATH)/blocks/opencv/lib/ios/libopencv_stitching.a\"",
					"\"$(CINDER_PATH)/blocks/opencv/lib/ios/libopencv_videostab.a\"",
				);
				PRODUCT_BUNDLE_IDENTIFIER = com.libcinder.DowaProject;
				PRODUCT_NAME = "$(TARGET_NAME)";
				PROVISIONING_PROFILE = "";
				TARGETED_DEVICE_FAMILY = 1;
				USER_HEADER_SEARCH_PATHS = "\"$(CINDER_PATH)/include\" ../include ../blocks/MotionManager/src \"$(CINDER_PATH)/blocks/opencv/include\" \"$(CINDER_PATH)/blocks/opencv/include/opencv2\"";
				VALID_ARCHS = "arm64 armv7s armv7";
				WRAPPER_EXTENSION = app;
			};
			name = Debug;
		};
		00692BF714FF149000D0A05E /* Release */ = {
			isa = XCBuildConfiguration;
			buildSettings = {
				CLANG_CXX_LANGUAGE_STANDARD = "gnu++14";
				CODE_SIGN_IDENTITY = "iPhone Developer";
				"CODE_SIGN_IDENTITY[sdk=iphoneos*]" = "iPhone Developer";
				ENABLE_BITCODE = NO;
				GCC_PRECOMPILE_PREFIX_HEADER = YES;
				GCC_PREFIX_HEADER = DowaProject_Prefix.pch;
				INFOPLIST_FILE = Info.plist;
				IPHONEOS_DEPLOYMENT_TARGET = 9.1;
				"OTHER_LDFLAGS[sdk=iphoneos*][arch=*]" = (
					"\"$(CINDER_PATH)/lib/libcinder-iphone.a\"",
					"-lz",
					"\"$(CINDER_PATH)/blocks/opencv/lib/ios/libopencv_calib3d.a\"",
					"\"$(CINDER_PATH)/blocks/opencv/lib/ios/libopencv_contrib.a\"",
					"\"$(CINDER_PATH)/blocks/opencv/lib/ios/libopencv_core.a\"",
					"\"$(CINDER_PATH)/blocks/opencv/lib/ios/libopencv_features2d.a\"",
					"\"$(CINDER_PATH)/blocks/opencv/lib/ios/libopencv_flann.a\"",
					"\"$(CINDER_PATH)/blocks/opencv/lib/ios/libopencv_imgproc.a\"",
					"\"$(CINDER_PATH)/blocks/opencv/lib/ios/libopencv_legacy.a\"",
					"\"$(CINDER_PATH)/blocks/opencv/lib/ios/libopencv_ml.a\"",
					"\"$(CINDER_PATH)/blocks/opencv/lib/ios/libopencv_nonfree.a\"",
					"\"$(CINDER_PATH)/blocks/opencv/lib/ios/libopencv_objdetect.a\"",
					"\"$(CINDER_PATH)/blocks/opencv/lib/ios/libopencv_photo.a\"",
					"\"$(CINDER_PATH)/blocks/opencv/lib/ios/libopencv_video.a\"",
					"\"$(CINDER_PATH)/blocks/opencv/lib/ios/libopencv_stitching.a\"",
					"\"$(CINDER_PATH)/blocks/opencv/lib/ios/libopencv_videostab.a\"",
				);
				"OTHER_LDFLAGS[sdk=iphonesimulator*][arch=*]" = (
					"\"$(CINDER_PATH)/lib/libcinder-iphone.a\"",
					"-lz",
					"\"$(CINDER_PATH)/blocks/opencv/lib/ios/libopencv_calib3d.a\"",
					"\"$(CINDER_PATH)/blocks/opencv/lib/ios/libopencv_contrib.a\"",
					"\"$(CINDER_PATH)/blocks/opencv/lib/ios/libopencv_core.a\"",
					"\"$(CINDER_PATH)/blocks/opencv/lib/ios/libopencv_features2d.a\"",
					"\"$(CINDER_PATH)/blocks/opencv/lib/ios/libopencv_flann.a\"",
					"\"$(CINDER_PATH)/blocks/opencv/lib/ios/libopencv_imgproc.a\"",
					"\"$(CINDER_PATH)/blocks/opencv/lib/ios/libopencv_legacy.a\"",
					"\"$(CINDER_PATH)/blocks/opencv/lib/ios/libopencv_ml.a\"",
					"\"$(CINDER_PATH)/blocks/opencv/lib/ios/libopencv_nonfree.a\"",
					"\"$(CINDER_PATH)/blocks/opencv/lib/ios/libopencv_objdetect.a\"",
					"\"$(CINDER_PATH)/blocks/opencv/lib/ios/libopencv_photo.a\"",
					"\"$(CINDER_PATH)/blocks/opencv/lib/ios/libopencv_video.a\"",
					"\"$(CINDER_PATH)/blocks/opencv/lib/ios/libopencv_stitching.a\"",
					"\"$(CINDER_PATH)/blocks/opencv/lib/ios/libopencv_videostab.a\"",
				);
				PRODUCT_BUNDLE_IDENTIFIER = com.libcinder.DowaProject;
				PRODUCT_NAME = "$(TARGET_NAME)";
				PROVISIONING_PROFILE = "";
				TARGETED_DEVICE_FAMILY = 1;
				USER_HEADER_SEARCH_PATHS = "\"$(CINDER_PATH)/include\" ../include ../blocks/MotionManager/src \"$(CINDER_PATH)/blocks/opencv/include\" \"$(CINDER_PATH)/blocks/opencv/include/opencv2\"";
				VALID_ARCHS = "arm64 armv7s armv7";
				WRAPPER_EXTENSION = app;
			};
			name = Release;
		};
/* End XCBuildConfiguration section */

/* Begin XCConfigurationList section */
		00692BC914FF149000D0A05E /* Build configuration list for PBXProject "DowaProject" */ = {
			isa = XCConfigurationList;
			buildConfigurations = (
				00692BF314FF149000D0A05E /* Debug */,
				00692BF414FF149000D0A05E /* Release */,
			);
			defaultConfigurationIsVisible = 0;
			defaultConfigurationName = Release;
		};
		00692BF514FF149000D0A05E /* Build configuration list for PBXNativeTarget "DowaProject" */ = {
			isa = XCConfigurationList;
			buildConfigurations = (
				00692BF614FF149000D0A05E /* Debug */,
				00692BF714FF149000D0A05E /* Release */,
			);
			defaultConfigurationIsVisible = 0;
			defaultConfigurationName = Release;
		};
/* End XCConfigurationList section */
	};
	rootObject = 00692BC614FF149000D0A05E /* Project object */;
}
