<?xml version="1.0" encoding="utf-8"?>
<Project ToolsVersion="4.0" xmlns="http://schemas.microsoft.com/developer/msbuild/2003">
  <ItemGroup>
    <Filter Include="Source Files">
      <UniqueIdentifier>{4FC737F1-C7A5-4376-A066-2A32D752A2FF}</UniqueIdentifier>
      <Extensions>cpp;c;cc;cxx;def;odl;idl;hpj;bat;asm;asmx</Extensions>
    </Filter>
    <Filter Include="Header Files">
      <UniqueIdentifier>{93995380-89BD-4b04-88EB-625FBE52EBFB}</UniqueIdentifier>
      <Extensions>h;hpp;hxx;hm;inl;inc;xsd</Extensions>
    </Filter>
    <Filter Include="Resource Files">
      <UniqueIdentifier>{67DA6AB6-F800-4c08-8B7A-83BB121AAD01}</UniqueIdentifier>
      <Extensions>rc;ico;cur;bmp;dlg;rc2;rct;bin;rgs;gif;jpg;jpeg;jpe;resx;tiff;tif;png;wav</Extensions>
    </Filter>
    <Filter Include="Source Files\scene">
      <UniqueIdentifier>{f9ab6403-a20d-4890-b7cb-fdd1be0dc805}</UniqueIdentifier>
    </Filter>
    <Filter Include="Source Files\scene\title">
      <UniqueIdentifier>{6f08cc79-7e5b-460b-aed8-a6044e2e013c}</UniqueIdentifier>
    </Filter>
    <Filter Include="Source Files\scene\gameMain">
      <UniqueIdentifier>{c2ac1718-3ff9-46ee-8352-6c6fe4dba9c6}</UniqueIdentifier>
    </Filter>
    <Filter Include="Source Files\scene\result">
      <UniqueIdentifier>{aa634fed-106f-4f0f-a3a6-79ab32df19f7}</UniqueIdentifier>
    </Filter>
    <Filter Include="Source Files\resource">
      <UniqueIdentifier>{2793f00b-0b23-45b3-b25e-88c7137d3394}</UniqueIdentifier>
    </Filter>
    <Filter Include="Source Files\device">
      <UniqueIdentifier>{e8dfd8ef-41eb-45e7-94dd-986078a30b93}</UniqueIdentifier>
    </Filter>
    <Filter Include="Source Files\scene\test">
      <UniqueIdentifier>{a7608591-7e5a-4eed-8153-17d1965da772}</UniqueIdentifier>
    </Filter>
    <Filter Include="Source Files\object">
      <UniqueIdentifier>{8d1e51b2-772e-4da5-8692-0d39189daa4f}</UniqueIdentifier>
    </Filter>
    <Filter Include="Source Files\collision">
      <UniqueIdentifier>{50007122-294b-452d-8c30-e39769944e72}</UniqueIdentifier>
    </Filter>
    <Filter Include="Source Files\scene\fade">
      <UniqueIdentifier>{abf6d299-3b18-48ae-b3cb-64f1ad5ec955}</UniqueIdentifier>
    </Filter>
    <Filter Include="Source Files\scene\fade\fadeOut">
      <UniqueIdentifier>{13754c89-cc06-47ea-929f-d5f2b28b562a}</UniqueIdentifier>
    </Filter>
    <Filter Include="Source Files\scene\fade\fadeIn">
      <UniqueIdentifier>{289ac625-acff-4677-956e-40b885f469a8}</UniqueIdentifier>
    </Filter>
    <Filter Include="Source Files\scene\test\camera">
      <UniqueIdentifier>{086722d8-22d7-4abc-806f-e2549d1c38a6}</UniqueIdentifier>
    </Filter>
    <Filter Include="Source Files\scene\loading">
      <UniqueIdentifier>{50b3215d-a930-491b-875c-ff51149c9a3e}</UniqueIdentifier>
    </Filter>
  </ItemGroup>
  <ItemGroup>
    <ClCompile Include="..\src\DowaProjectApp.cpp">
      <Filter>Source Files</Filter>
    </ClCompile>
    <ClCompile Include="..\src\DowaProjectApp.cpp">
      <Filter>Source Files</Filter>
    </ClCompile>
    <ClInclude Include="..\include\Resources.h">
      <Filter>Header Files</Filter>
    </ClInclude>
    <ClCompile Include="..\src\scene\Scene.cpp">
      <Filter>Source Files\scene</Filter>
    </ClCompile>
    <ClCompile Include="..\src\scene\SceneMaker.cpp">
      <Filter>Source Files\scene</Filter>
    </ClCompile>
    <ClCompile Include="..\src\scene\SceneManager.cpp">
      <Filter>Source Files\scene</Filter>
    </ClCompile>
    <ClCompile Include="..\src\scene\title\Title.cpp">
      <Filter>Source Files\scene\title</Filter>
    </ClCompile>
    <ClCompile Include="..\src\scene\gameMain\GameMain.cpp">
      <Filter>Source Files\scene\gameMain</Filter>
    </ClCompile>
    <ClCompile Include="..\src\scene\result\Result.cpp">
      <Filter>Source Files\scene\result</Filter>
    </ClCompile>
    <ClCompile Include="..\src\resource\ResourceManager.cpp">
      <Filter>Source Files\resource</Filter>
    </ClCompile>
    <ClCompile Include="..\src\device\Device.cpp">
      <Filter>Source Files\device</Filter>
    </ClCompile>
    <ClCompile Include="..\src\scene\test\Test.cpp">
      <Filter>Source Files\scene\test</Filter>
    </ClCompile>
    <ClCompile Include="..\src\object\Object.cpp">
      <Filter>Source Files\object</Filter>
    </ClCompile>
    <ClCompile Include="..\src\object\Task.cpp">
      <Filter>Source Files\object</Filter>
    </ClCompile>
    <ClCompile Include="..\src\collision\Collision.cpp">
      <Filter>Source Files\collision</Filter>
    </ClCompile>
    <ClCompile Include="..\src\resource\DataManager.cpp">
      <Filter>Source Files\resource</Filter>
    </ClCompile>
    <ClCompile Include="..\src\scene\fade\FadeIn.cpp">
      <Filter>Source Files\scene\fade\fadeIn</Filter>
    </ClCompile>
    <ClCompile Include="..\src\scene\fade\FadeOut.cpp">
      <Filter>Source Files\scene\fade\fadeOut</Filter>
    </ClCompile>
    <ClCompile Include="..\src\scene\test\camera\Camera.cpp">
      <Filter>Source Files\scene\test\camera</Filter>
    </ClCompile>
    <ClCompile Include="..\src\scene\test\Enemy.cpp">
      <Filter>Source Files\scene\test</Filter>
    </ClCompile>
    <ClCompile Include="..\src\scene\test\Player.cpp">
      <Filter>Source Files\scene\test</Filter>
    </ClCompile>
    <ClCompile Include="..\src\scene\loading\Loading.cpp">
      <Filter>Source Files\scene\loading</Filter>
    </ClCompile>
  </ItemGroup>
  <ItemGroup>
    <ClInclude Include="..\include\Resources.h">
      <Filter>Header Files</Filter>
    </ClInclude>
    <ClInclude Include="..\src\scene\Scene.hpp">
      <Filter>Source Files\scene</Filter>
    </ClInclude>
    <ClInclude Include="..\src\scene\SceneMaker.hpp">
      <Filter>Source Files\scene</Filter>
    </ClInclude>
    <ClInclude Include="..\src\scene\SceneManager.hpp">
      <Filter>Source Files\scene</Filter>
    </ClInclude>
    <ClInclude Include="..\src\scene\title\Title.hpp">
      <Filter>Source Files\scene\title</Filter>
    </ClInclude>
    <ClInclude Include="..\src\scene\gameMain\GameMain.hpp">
      <Filter>Source Files\scene\gameMain</Filter>
    </ClInclude>
    <ClInclude Include="..\src\scene\result\Result.hpp">
      <Filter>Source Files\scene\result</Filter>
    </ClInclude>
    <ClInclude Include="..\src\resource\ResourceKeys.hpp">
      <Filter>Source Files\resource</Filter>
    </ClInclude>
    <ClInclude Include="..\src\resource\ResourceManager.hpp">
      <Filter>Source Files\resource</Filter>
    </ClInclude>
    <ClInclude Include="..\src\device\Device.hpp">
      <Filter>Source Files\device</Filter>
    </ClInclude>
    <ClInclude Include="..\src\scene\test\Test.hpp">
      <Filter>Source Files\scene\test</Filter>
    </ClInclude>
    <ClInclude Include="..\src\object\Object.hpp">
      <Filter>Source Files\object</Filter>
    </ClInclude>
    <ClInclude Include="..\src\object\Task.hpp">
      <Filter>Source Files\object</Filter>
    </ClInclude>
    <ClInclude Include="..\src\collision\Collision.hpp">
      <Filter>Source Files\collision</Filter>
    </ClInclude>
    <ClInclude Include="..\src\resource\DataManager.hpp">
      <Filter>Source Files\resource</Filter>
    </ClInclude>
    <ClInclude Include="..\src\scene\fade\FadeIn.hpp">
      <Filter>Source Files\scene\fade\fadeIn</Filter>
    </ClInclude>
    <ClInclude Include="..\src\scene\fade\FadeOut.hpp">
      <Filter>Source Files\scene\fade\fadeOut</Filter>
    </ClInclude>
    <ClInclude Include="..\src\scene\fade\FadeBase.hpp">
      <Filter>Source Files\scene\fade</Filter>
    </ClInclude>
    <ClInclude Include="..\src\scene\test\camera\Camera.hpp">
      <Filter>Source Files\scene\test\camera</Filter>
    </ClInclude>
    <ClInclude Include="..\src\scene\test\Enemy.hpp">
      <Filter>Source Files\scene\test</Filter>
    </ClInclude>
    <ClInclude Include="..\src\scene\test\Player.hpp">
      <Filter>Source Files\scene\test</Filter>
    </ClInclude>
    <ClInclude Include="..\src\scene\loading\Loading.hpp">
      <Filter>Source Files\scene\loading</Filter>
    </ClInclude>
  </ItemGroup>
  <ItemGroup>
    <ResourceCompile Include="Resources.rc">
      <Filter>Resource Files</Filter>
    </ResourceCompile>
  </ItemGroup>
</Project>