<?xml version="1.0" encoding="utf-8"?>
<Project ToolsVersion="4.0" xmlns="http://schemas.microsoft.com/developer/msbuild/2003">
  <ItemGroup>
    <ClCompile Include="..\src\DowaProjectApp.cpp" />
    <ClCompile Include="..\src\scene\gameMain\GameMain.cpp">
      <Filter>System\Scenes\Game Main</Filter>
    </ClCompile>
    <ClCompile Include="..\src\scene\result\Result.cpp">
      <Filter>System\Scenes\Result</Filter>
    </ClCompile>
    <ClCompile Include="..\src\scene\Scene.cpp">
      <Filter>System\Scenes</Filter>
    </ClCompile>
    <ClCompile Include="..\src\scene\SceneMaker.cpp">
      <Filter>System\Scenes</Filter>
    </ClCompile>
    <ClCompile Include="..\src\scene\SceneManager.cpp">
      <Filter>System\Scenes</Filter>
    </ClCompile>
    <ClCompile Include="..\src\scene\title\Title.cpp">
      <Filter>System\Scenes\Title</Filter>
    </ClCompile>
    <ClCompile Include="..\src\resource\ResourceManager.cpp">
      <Filter>System\Resources</Filter>
    </ClCompile>
  </ItemGroup>
  <ItemGroup>
    <ClInclude Include="..\src\scene\gameMain\GameMain.hpp">
      <Filter>System\Scenes\Game Main</Filter>
    </ClInclude>
    <ClInclude Include="..\src\scene\result\Result.hpp">
      <Filter>System\Scenes\Result</Filter>
    </ClInclude>
    <ClInclude Include="..\src\scene\Scene.hpp">
      <Filter>System\Scenes</Filter>
    </ClInclude>
    <ClInclude Include="..\src\scene\SceneMaker.hpp">
      <Filter>System\Scenes</Filter>
    </ClInclude>
    <ClInclude Include="..\src\scene\SceneManager.hpp">
      <Filter>System\Scenes</Filter>
    </ClInclude>
    <ClInclude Include="..\src\scene\title\Title.hpp">
      <Filter>System\Scenes\Title</Filter>
    </ClInclude>
    <ClInclude Include="..\src\resource\ResourceKeys.hpp">
      <Filter>System\Resources</Filter>
    </ClInclude>
    <ClInclude Include="..\src\resource\ResourceManager.hpp">
      <Filter>System\Resources</Filter>
    </ClInclude>
    <ClInclude Include="..\include\Resources.h">
      <Filter>Cinder Resources</Filter>
    </ClInclude>
  </ItemGroup>
  <ItemGroup>
    <Filter Include="System">
      <UniqueIdentifier>{793c8e41-0686-48b8-abdd-61bb06fe69a5}</UniqueIdentifier>
    </Filter>
    <Filter Include="System\Scenes">
      <UniqueIdentifier>{cf36267b-d5f6-4b62-8481-2aad7efba12c}</UniqueIdentifier>
    </Filter>
    <Filter Include="System\Scenes\Game Main">
      <UniqueIdentifier>{f9226eab-f27d-4e51-b4dd-385dd64d81e1}</UniqueIdentifier>
    </Filter>
    <Filter Include="System\Scenes\Result">
      <UniqueIdentifier>{4c9fc18c-8ed4-4d75-ad21-2d63e16d5438}</UniqueIdentifier>
    </Filter>
    <Filter Include="System\Scenes\Title">
      <UniqueIdentifier>{b34a0de8-4091-4526-ab18-13c41bc2ae83}</UniqueIdentifier>
    </Filter>
    <Filter Include="System\Resources">
      <UniqueIdentifier>{8cf6c2af-d695-45ca-a700-c600085d6cc4}</UniqueIdentifier>
    </Filter>
    <Filter Include="Cinder Resources">
      <UniqueIdentifier>{e3f3a22d-1446-4529-a763-f2bc51879fcb}</UniqueIdentifier>
    </Filter>
  </ItemGroup>
  <ItemGroup>
    <ResourceCompile Include="Resources.rc">
      <Filter>Cinder Resources</Filter>
    </ResourceCompile>
  </ItemGroup>
</Project>